{
  "originHash" : "d744309deb8f76b73d21b830930e26910e438c596a9c6a34e1e76706a6f3a763",
  "pins" : [
    {
      "identity" : "displaylink",
      "kind" : "remoteSourceControl",
      "location" : "https://github.com/Lakr233/DisplayLink.git",
      "state" : {
        "revision" : "41bea2661e04bebcb1c4f15fc0b6197850100fdd",
        "version" : "3.0.1"
      }
    },
    {
      "identity" : "lookinside-release",
      "kind" : "remoteSourceControl",
      "location" : "https://github.com/LookInsideApp/LookInside-Release.git",
      "state" : {
        "revision" : "7514cfa8bd24a78f74d8b982c429e7d61ef58134",
        "version" : "0.2.2"
      }
    }
  ],
  "version" : 3
}
