{
  "originHash" : "eaaaf38db53a606bb70dbe85a263ae10220e53ae4a447847f10bb5383fd5d229",
  "pins" : [
    {
      "identity" : "displaylink",
      "kind" : "remoteSourceControl",
      "location" : "https://github.com/Lakr233/DisplayLink.git",
      "state" : {
        "revision" : "41bea2661e04bebcb1c4f15fc0b6197850100fdd",
        "version" : "3.0.1"
      }
    },
    {
      "identity" : "lookinside-release",
      "kind" : "remoteSourceControl",
      "location" : "https://github.com/LookInsideApp/LookInside-Release.git",
      "state" : {
        "revision" : "7514cfa8bd24a78f74d8b982c429e7d61ef58134",
        "version" : "0.2.2"
      }
    }
  ],
  "version" : 3
}
